PODS:
  - Flutter (1.0.0)
  - UMCCommon (7.1.0)
  - UMCCommonLog (2.0.0)
  - umengsdk (0.0.1):
    - Flutter
    - UMCCommon
    - UMCCommonLog

DEPENDENCIES:
  - Flutter (from `Flutter`)
  - umengsdk (from `.symlinks/plugins/umengsdk/ios`)

SPEC REPOS:
  trunk:
    - UMCCommon
    - UMCCommonLog

EXTERNAL SOURCES:
  Flutter:
    :path: Flutter
  umengsdk:
    :path: ".symlinks/plugins/umengsdk/ios"

SPEC CHECKSUMS:
  Flutter: 0e3d915762c693b495b44d77113d4970485de6ec
  UMCCommon: 4e80f93492d300245683236668763dc5d0b04dbd
  UMCCommonLog: 9b7ddde5d14a52fc1986ba5ac3121b8b2f433638
  umengsdk: 6efb6c0da57626682089dedc5fb976a86c9bb6f4

PODFILE CHECKSUM: 059d13e0aa49fba8fe1b09f9f5c247526a4ed7fc

COCOAPODS: 1.8.3
